
Microsoft Visual Studio Solution File, Format Version 12.00
# Visual Studio Version 16
VisualStudioVersion = 16.0.29306.81
MinimumVisualStudioVersion = 10.0.40219.1
Project("{FAE04EC0-301F-11D3-BF4B-00C04F79EFBC}") = "Nexus", "Nexus\Nexus.csproj", "{C23E5ACA-65D6-4DDF-A1EC-B60251CD0451}"
EndProject
Global
	GlobalSection(SolutionConfigurationPlatforms) = preSolution
		Debug|Any CPU = Debug|Any CPU
		Release|Any CPU = Release|Any CPU
	EndGlobalSection
	GlobalSection(ProjectConfigurationPlatforms) = postSolution
		{C23E5ACA-65D6-4DDF-A1EC-B60251CD0451}.Debug|Any CPU.ActiveCfg = Debug|Any CPU
		{C23E5ACA-65D6-4DDF-A1EC-B60251CD0451}.Debug|Any CPU.Build.0 = Debug|Any CPU
		{C23E5ACA-65D6-4DDF-A1EC-B60251CD0451}.Release|Any CPU.ActiveCfg = Release|Any CPU
		{C23E5ACA-65D6-4DDF-A1EC-B60251CD0451}.Release|Any CPU.Build.0 = Release|Any CPU
	EndGlobalSection
	GlobalSection(SolutionProperties) = preSolution
		HideSolutionNode = FALSE
	EndGlobalSection
	GlobalSection(ExtensibilityGlobals) = postSolution
		SolutionGuid = {B8BD55A8-B1AF-43CE-A6D6-BF4FD34B948A}
	EndGlobalSection
EndGlobal
